
Microsoft Visual Studio Solution File, Format Version 12.00
# Visual Studio Version 17
VisualStudioVersion = 17.1.32414.318
MinimumVisualStudioVersion = 10.0.40219.1
Project("{FAE04EC0-301F-11D3-BF4B-00C04F79EFBC}") = "kukuha", "kukuha\kukuha.csproj", "{A1913464-ECDD-4DFF-B12B-EDEA5DA6D262}"
EndProject
Global
	GlobalSection(SolutionConfigurationPlatforms) = preSolution
		Debug|Any CPU = Debug|Any CPU
		Release|Any CPU = Release|Any CPU
	EndGlobalSection
	GlobalSection(ProjectConfigurationPlatforms) = postSolution
		{A1913464-ECDD-4DFF-B12B-EDEA5DA6D262}.Debug|Any CPU.ActiveCfg = Debug|Any CPU
		{A1913464-ECDD-4DFF-B12B-EDEA5DA6D262}.Debug|Any CPU.Build.0 = Debug|Any CPU
		{A1913464-ECDD-4DFF-B12B-EDEA5DA6D262}.Release|Any CPU.ActiveCfg = Release|Any CPU
		{A1913464-ECDD-4DFF-B12B-EDEA5DA6D262}.Release|Any CPU.Build.0 = Release|Any CPU
	EndGlobalSection
	GlobalSection(SolutionProperties) = preSolution
		HideSolutionNode = FALSE
	EndGlobalSection
	GlobalSection(ExtensibilityGlobals) = postSolution
		SolutionGuid = {A4F5E4CF-184A-4882-BE3B-28F06E6ABE37}
	EndGlobalSection
EndGlobal
