
Microsoft Visual Studio Solution File, Format Version 12.00
# Visual Studio Version 17
VisualStudioVersion = 17.1.32414.318
MinimumVisualStudioVersion = 10.0.40219.1
Project("{FAE04EC0-301F-11D3-BF4B-00C04F79EFBC}") = "TeorVerC_Sharp", "TeorVerC_Sharp\TeorVerC_Sharp.csproj", "{D2ADA8F2-343E-4B87-875D-BFE698DD685B}"
EndProject
Global
	GlobalSection(SolutionConfigurationPlatforms) = preSolution
		Debug|Any CPU = Debug|Any CPU
		Release|Any CPU = Release|Any CPU
	EndGlobalSection
	GlobalSection(ProjectConfigurationPlatforms) = postSolution
		{D2ADA8F2-343E-4B87-875D-BFE698DD685B}.Debug|Any CPU.ActiveCfg = Debug|Any CPU
		{D2ADA8F2-343E-4B87-875D-BFE698DD685B}.Debug|Any CPU.Build.0 = Debug|Any CPU
		{D2ADA8F2-343E-4B87-875D-BFE698DD685B}.Release|Any CPU.ActiveCfg = Release|Any CPU
		{D2ADA8F2-343E-4B87-875D-BFE698DD685B}.Release|Any CPU.Build.0 = Release|Any CPU
	EndGlobalSection
	GlobalSection(SolutionProperties) = preSolution
		HideSolutionNode = FALSE
	EndGlobalSection
	GlobalSection(ExtensibilityGlobals) = postSolution
		SolutionGuid = {A6623652-982A-4093-B951-3F18C1CAF01C}
	EndGlobalSection
EndGlobal
